{
  "pins" : [
    {
      "identity" : "swift-snapshot-testing",
      "kind" : "remoteSourceControl",
      "location" : "https://github.com/pointfreeco/swift-snapshot-testing",
      "state" : {
        "revision" : "5b0c434778f2c1a4c9b5ebdb8682b28e84dd69bd",
        "version" : "1.15.4"
      }
    },
    {
      "identity" : "swift-syntax",
      "kind" : "remoteSourceControl",
      "location" : "https://github.com/apple/swift-syntax",
      "state" : {
        "revision" : "fa8f95c2d536d6620cc2f504ebe8a6167c9fc2dd",
        "version" : "510.0.1"
      }
    },
    {
      "identity" : "swiftui-preview-snapshots",
      "kind" : "remoteSourceControl",
      "location" : "https://github.com/doordash-oss/swiftui-preview-snapshots",
      "state" : {
        "branch" : "main",
        "revision" : "36cd3662a48ef75cc13eae182d468178279a0445"
      }
    }
  ],
  "version" : 2
}
